# This file is automatically @generated by Cargo.
# It is not intended for manual editing.
version = 3

[[package]]
name = "browser-cli"
version = "0.0.1"

[[package]]
name = "browser-css-engine"
version = "0.0.1"

[[package]]
name = "browser-dom"
version = "0.0.1"

[[package]]
name = "browser-html-parser"
version = "0.0.1"

[[package]]
name = "browser-js-runtime"
version = "0.0.1"

[[package]]
name = "browser-layout"
version = "0.0.1"

[[package]]
name = "browser-net"
version = "0.0.1"

[[package]]
name = "browser-page"
version = "0.0.1"

[[package]]
name = "browser-render"
version = "0.0.1"
